
Microsoft Visual Studio Solution File, Format Version 12.00
# Visual Studio 15
VisualStudioVersion = 15.0.28010.2036
MinimumVisualStudioVersion = 10.0.40219.1
Project("{9A19103F-16F7-4668-BE54-9A1E7A4F7556}") = "BasketPrototype.Api", "BasketPrototype.Api\BasketPrototype.Api.csproj", "{4DAE366D-8A94-4405-B0FA-C4EAD8981482}"
EndProject
Project("{9A19103F-16F7-4668-BE54-9A1E7A4F7556}") = "BasketPrototype.Service", "BasketPrototype.Service\BasketPrototype.Service.csproj", "{4FB98307-C94C-4EBD-B736-6708C17BF401}"
EndProject
Project("{9A19103F-16F7-4668-BE54-9A1E7A4F7556}") = "BasketPrototype.Client", "BasketPrototype.Client\BasketPrototype.Client.csproj", "{63D94AB5-2234-415F-832C-B0599539AAAD}"
EndProject
Project("{FAE04EC0-301F-11D3-BF4B-00C04F79EFBC}") = "BasketPrototype.Console", "BasketPrototype.Console\BasketPrototype.Console.csproj", "{FA3BBC38-DA3D-4081-88B6-BFE2CC1BDE1F}"
EndProject
Global
	GlobalSection(SolutionConfigurationPlatforms) = preSolution
		Debug|Any CPU = Debug|Any CPU
		Release|Any CPU = Release|Any CPU
	EndGlobalSection
	GlobalSection(ProjectConfigurationPlatforms) = postSolution
		{4DAE366D-8A94-4405-B0FA-C4EAD8981482}.Debug|Any CPU.ActiveCfg = Debug|Any CPU
		{4DAE366D-8A94-4405-B0FA-C4EAD8981482}.Debug|Any CPU.Build.0 = Debug|Any CPU
		{4DAE366D-8A94-4405-B0FA-C4EAD8981482}.Release|Any CPU.ActiveCfg = Release|Any CPU
		{4DAE366D-8A94-4405-B0FA-C4EAD8981482}.Release|Any CPU.Build.0 = Release|Any CPU
		{4FB98307-C94C-4EBD-B736-6708C17BF401}.Debug|Any CPU.ActiveCfg = Debug|Any CPU
		{4FB98307-C94C-4EBD-B736-6708C17BF401}.Debug|Any CPU.Build.0 = Debug|Any CPU
		{4FB98307-C94C-4EBD-B736-6708C17BF401}.Release|Any CPU.ActiveCfg = Release|Any CPU
		{4FB98307-C94C-4EBD-B736-6708C17BF401}.Release|Any CPU.Build.0 = Release|Any CPU
		{63D94AB5-2234-415F-832C-B0599539AAAD}.Debug|Any CPU.ActiveCfg = Debug|Any CPU
		{63D94AB5-2234-415F-832C-B0599539AAAD}.Debug|Any CPU.Build.0 = Debug|Any CPU
		{63D94AB5-2234-415F-832C-B0599539AAAD}.Release|Any CPU.ActiveCfg = Release|Any CPU
		{63D94AB5-2234-415F-832C-B0599539AAAD}.Release|Any CPU.Build.0 = Release|Any CPU
		{FA3BBC38-DA3D-4081-88B6-BFE2CC1BDE1F}.Debug|Any CPU.ActiveCfg = Debug|Any CPU
		{FA3BBC38-DA3D-4081-88B6-BFE2CC1BDE1F}.Debug|Any CPU.Build.0 = Debug|Any CPU
		{FA3BBC38-DA3D-4081-88B6-BFE2CC1BDE1F}.Release|Any CPU.ActiveCfg = Release|Any CPU
		{FA3BBC38-DA3D-4081-88B6-BFE2CC1BDE1F}.Release|Any CPU.Build.0 = Release|Any CPU
	EndGlobalSection
	GlobalSection(SolutionProperties) = preSolution
		HideSolutionNode = FALSE
	EndGlobalSection
	GlobalSection(ExtensibilityGlobals) = postSolution
		SolutionGuid = {9E4DB83A-AB76-410A-BF52-4D8B84C3B491}
	EndGlobalSection
EndGlobal
